
Microsoft Visual Studio Solution File, Format Version 12.00
# Visual Studio Version 16
VisualStudioVersion = 16.0.30225.117
MinimumVisualStudioVersion = 10.0.40219.1
Project("{FAE04EC0-301F-11D3-BF4B-00C04F79EFBC}") = "startStopApp", "startStopApp.csproj", "{1B688758-8778-4A2C-A4B1-CA42A44BC291}"
EndProject
Global
	GlobalSection(SolutionConfigurationPlatforms) = preSolution
		Debug|Any CPU = Debug|Any CPU
		Release|Any CPU = Release|Any CPU
	EndGlobalSection
	GlobalSection(ProjectConfigurationPlatforms) = postSolution
		{1B688758-8778-4A2C-A4B1-CA42A44BC291}.Debug|Any CPU.ActiveCfg = Debug|Any CPU
		{1B688758-8778-4A2C-A4B1-CA42A44BC291}.Debug|Any CPU.Build.0 = Debug|Any CPU
		{1B688758-8778-4A2C-A4B1-CA42A44BC291}.Release|Any CPU.ActiveCfg = Release|Any CPU
		{1B688758-8778-4A2C-A4B1-CA42A44BC291}.Release|Any CPU.Build.0 = Release|Any CPU
	EndGlobalSection
	GlobalSection(SolutionProperties) = preSolution
		HideSolutionNode = FALSE
	EndGlobalSection
	GlobalSection(ExtensibilityGlobals) = postSolution
		SolutionGuid = {6ECA27F2-B061-4DED-8867-8C4ABA02EE80}
	EndGlobalSection
EndGlobal
