
Microsoft Visual Studio Solution File, Format Version 12.00
# Visual Studio 2012
Project("{FAE04EC0-301F-11D3-BF4B-00C04F79EFBC}") = "NETLOGIX.CS.Buttons", "NETLOGIX.CS.Buttons\NETLOGIX.CS.Buttons.csproj", "{FCC1B388-7878-4BD9-8C01-173E1E9CE18D}"
EndProject
Project("{FAE04EC0-301F-11D3-BF4B-00C04F79EFBC}") = "NETLOGIX.CS.Console", "NETLOGIX.CS.Console\NETLOGIX.CS.Console.csproj", "{A8448B4F-15F8-4EA0-B579-BA5B069B512C}"
EndProject
Project("{FAE04EC0-301F-11D3-BF4B-00C04F79EFBC}") = "NETLOGIX.CS.CPUState", "NETLOGIX.CS.CPUState\NETLOGIX.CS.CPUState.csproj", "{F46C1AB7-2AE1-4C24-8E7D-08E0DD73586F}"
EndProject
Project("{FAE04EC0-301F-11D3-BF4B-00C04F79EFBC}") = "NETLOGIX.CS.DataChange", "NETLOGIX.CS.DataChange\NETLOGIX.CS.DataChange.csproj", "{9D3B50D0-E5CA-4732-A7E0-759A534F2355}"
EndProject
Project("{FAE04EC0-301F-11D3-BF4B-00C04F79EFBC}") = "NETLOGIX.CS.FormControls", "NETLOGIX.CS.FormControls\NETLOGIX.CS.FormControls.csproj", "{3DCC1EEB-0AD2-4212-9974-CBF8356F947A}"
EndProject
Project("{FAE04EC0-301F-11D3-BF4B-00C04F79EFBC}") = "NETLOGIX.CS.GroupRead", "NETLOGIX.CS.GroupRead\NETLOGIX.CS.GroupRead.csproj", "{39C37211-FF1B-4F0A-BDFA-A5C1A2A02E4F}"
EndProject
Project("{FAE04EC0-301F-11D3-BF4B-00C04F79EFBC}") = "NETLOGIX.CS.ReadArray", "NETLOGIX.CS.ReadArray\NETLOGIX.CS.ReadArray.csproj", "{4F2FD9AE-7C4F-465A-9237-0FA6F8211051}"
EndProject
Project("{FAE04EC0-301F-11D3-BF4B-00C04F79EFBC}") = "NETLOGIX.CS.Scaling", "NETLOGIX.CS.Scaling\NETLOGIX.CS.Scaling.csproj", "{3DC08508-7C78-4E57-AAD8-4D566B270A78}"
EndProject
Project("{FAE04EC0-301F-11D3-BF4B-00C04F79EFBC}") = "NETLOGIX.CS.Simple", "NETLOGIX.CS.Simple\NETLOGIX.CS.Simple.csproj", "{C24D140D-2865-4C71-866C-B8D11E0F80E6}"
EndProject
Project("{FAE04EC0-301F-11D3-BF4B-00C04F79EFBC}") = "NETLOGIX.cs.UDTWrite", "NETLOGIX.cs.UDTWrite\NETLOGIX.cs.UDTWrite.csproj", "{553F18CF-3C40-4D88-9283-BB368496E61B}"
EndProject
Project("{FAE04EC0-301F-11D3-BF4B-00C04F79EFBC}") = "NETLOGIX.cs.UnsolicitedMessage", "NETLOGIX.cs.UnsolicitedMessage\NETLOGIX.cs.UnsolicitedMessage.csproj", "{E4278D98-50F5-4E01-97DD-026A885844B6}"
EndProject
Project("{FAE04EC0-301F-11D3-BF4B-00C04F79EFBC}") = "NETLOGIX.cs.UserDefinedType", "NETLOGIX.cs.UserDefinedType\NETLOGIX.cs.UserDefinedType.csproj", "{B2063593-D78F-417F-A421-F1AC1160CA46}"
EndProject
Project("{FAE04EC0-301F-11D3-BF4B-00C04F79EFBC}") = "NETLOGIX.CS.ChassisBrowser", "NETLOGIX.CS.ChassisBrowser\NETLOGIX.CS.ChassisBrowser.csproj", "{53BD1F5D-B2CC-444B-A6D1-2D20F34D1C1F}"
EndProject
Project("{FAE04EC0-301F-11D3-BF4B-00C04F79EFBC}") = "NETLOGIX.CS.CIPServer", "NETLOGIX.CS.Server\NETLOGIX.CS.CIPServer.csproj", "{7233F9F5-41B8-4F10-90C7-8C7339ED596F}"
EndProject
Project("{FAE04EC0-301F-11D3-BF4B-00C04F79EFBC}") = "NETLOGIX.CS.TagBrowser", "NETLOGIX.CS.TagBrowser\NETLOGIX.CS.TagBrowser.csproj", "{07FEF135-EF12-4C86-90D2-66A3C81731C7}"
EndProject
Global
	GlobalSection(SolutionConfigurationPlatforms) = preSolution
		Debug|Any CPU = Debug|Any CPU
		LogixOPCCore_Release|Any CPU = LogixOPCCore_Release|Any CPU
		LogixOPCCore|Any CPU = LogixOPCCore|Any CPU
		Release|Any CPU = Release|Any CPU
	EndGlobalSection
	GlobalSection(ProjectConfigurationPlatforms) = postSolution
		{FCC1B388-7878-4BD9-8C01-173E1E9CE18D}.Debug|Any CPU.ActiveCfg = Debug|Any CPU
		{FCC1B388-7878-4BD9-8C01-173E1E9CE18D}.Debug|Any CPU.Build.0 = Debug|Any CPU
		{FCC1B388-7878-4BD9-8C01-173E1E9CE18D}.LogixOPCCore_Release|Any CPU.ActiveCfg = Release|Any CPU
		{FCC1B388-7878-4BD9-8C01-173E1E9CE18D}.LogixOPCCore_Release|Any CPU.Build.0 = Release|Any CPU
		{FCC1B388-7878-4BD9-8C01-173E1E9CE18D}.LogixOPCCore|Any CPU.ActiveCfg = Release|Any CPU
		{FCC1B388-7878-4BD9-8C01-173E1E9CE18D}.LogixOPCCore|Any CPU.Build.0 = Release|Any CPU
		{FCC1B388-7878-4BD9-8C01-173E1E9CE18D}.Release|Any CPU.ActiveCfg = Release|Any CPU
		{FCC1B388-7878-4BD9-8C01-173E1E9CE18D}.Release|Any CPU.Build.0 = Release|Any CPU
		{A8448B4F-15F8-4EA0-B579-BA5B069B512C}.Debug|Any CPU.ActiveCfg = Debug|Any CPU
		{A8448B4F-15F8-4EA0-B579-BA5B069B512C}.Debug|Any CPU.Build.0 = Debug|Any CPU
		{A8448B4F-15F8-4EA0-B579-BA5B069B512C}.LogixOPCCore_Release|Any CPU.ActiveCfg = Release|Any CPU
		{A8448B4F-15F8-4EA0-B579-BA5B069B512C}.LogixOPCCore_Release|Any CPU.Build.0 = Release|Any CPU
		{A8448B4F-15F8-4EA0-B579-BA5B069B512C}.LogixOPCCore|Any CPU.ActiveCfg = Release|Any CPU
		{A8448B4F-15F8-4EA0-B579-BA5B069B512C}.LogixOPCCore|Any CPU.Build.0 = Release|Any CPU
		{A8448B4F-15F8-4EA0-B579-BA5B069B512C}.Release|Any CPU.ActiveCfg = Release|Any CPU
		{A8448B4F-15F8-4EA0-B579-BA5B069B512C}.Release|Any CPU.Build.0 = Release|Any CPU
		{F46C1AB7-2AE1-4C24-8E7D-08E0DD73586F}.Debug|Any CPU.ActiveCfg = Debug|Any CPU
		{F46C1AB7-2AE1-4C24-8E7D-08E0DD73586F}.Debug|Any CPU.Build.0 = Debug|Any CPU
		{F46C1AB7-2AE1-4C24-8E7D-08E0DD73586F}.LogixOPCCore_Release|Any CPU.ActiveCfg = Release|Any CPU
		{F46C1AB7-2AE1-4C24-8E7D-08E0DD73586F}.LogixOPCCore_Release|Any CPU.Build.0 = Release|Any CPU
		{F46C1AB7-2AE1-4C24-8E7D-08E0DD73586F}.LogixOPCCore|Any CPU.ActiveCfg = Release|Any CPU
		{F46C1AB7-2AE1-4C24-8E7D-08E0DD73586F}.LogixOPCCore|Any CPU.Build.0 = Release|Any CPU
		{F46C1AB7-2AE1-4C24-8E7D-08E0DD73586F}.Release|Any CPU.ActiveCfg = Release|Any CPU
		{F46C1AB7-2AE1-4C24-8E7D-08E0DD73586F}.Release|Any CPU.Build.0 = Release|Any CPU
		{9D3B50D0-E5CA-4732-A7E0-759A534F2355}.Debug|Any CPU.ActiveCfg = Debug|Any CPU
		{9D3B50D0-E5CA-4732-A7E0-759A534F2355}.Debug|Any CPU.Build.0 = Debug|Any CPU
		{9D3B50D0-E5CA-4732-A7E0-759A534F2355}.LogixOPCCore_Release|Any CPU.ActiveCfg = Release|Any CPU
		{9D3B50D0-E5CA-4732-A7E0-759A534F2355}.LogixOPCCore_Release|Any CPU.Build.0 = Release|Any CPU
		{9D3B50D0-E5CA-4732-A7E0-759A534F2355}.LogixOPCCore|Any CPU.ActiveCfg = Release|Any CPU
		{9D3B50D0-E5CA-4732-A7E0-759A534F2355}.LogixOPCCore|Any CPU.Build.0 = Release|Any CPU
		{9D3B50D0-E5CA-4732-A7E0-759A534F2355}.Release|Any CPU.ActiveCfg = Release|Any CPU
		{9D3B50D0-E5CA-4732-A7E0-759A534F2355}.Release|Any CPU.Build.0 = Release|Any CPU
		{3DCC1EEB-0AD2-4212-9974-CBF8356F947A}.Debug|Any CPU.ActiveCfg = Debug|Any CPU
		{3DCC1EEB-0AD2-4212-9974-CBF8356F947A}.Debug|Any CPU.Build.0 = Debug|Any CPU
		{3DCC1EEB-0AD2-4212-9974-CBF8356F947A}.LogixOPCCore_Release|Any CPU.ActiveCfg = Release|Any CPU
		{3DCC1EEB-0AD2-4212-9974-CBF8356F947A}.LogixOPCCore_Release|Any CPU.Build.0 = Release|Any CPU
		{3DCC1EEB-0AD2-4212-9974-CBF8356F947A}.LogixOPCCore|Any CPU.ActiveCfg = Release|Any CPU
		{3DCC1EEB-0AD2-4212-9974-CBF8356F947A}.LogixOPCCore|Any CPU.Build.0 = Release|Any CPU
		{3DCC1EEB-0AD2-4212-9974-CBF8356F947A}.Release|Any CPU.ActiveCfg = Release|Any CPU
		{3DCC1EEB-0AD2-4212-9974-CBF8356F947A}.Release|Any CPU.Build.0 = Release|Any CPU
		{39C37211-FF1B-4F0A-BDFA-A5C1A2A02E4F}.Debug|Any CPU.ActiveCfg = Debug|Any CPU
		{39C37211-FF1B-4F0A-BDFA-A5C1A2A02E4F}.Debug|Any CPU.Build.0 = Debug|Any CPU
		{39C37211-FF1B-4F0A-BDFA-A5C1A2A02E4F}.LogixOPCCore_Release|Any CPU.ActiveCfg = Release|Any CPU
		{39C37211-FF1B-4F0A-BDFA-A5C1A2A02E4F}.LogixOPCCore_Release|Any CPU.Build.0 = Release|Any CPU
		{39C37211-FF1B-4F0A-BDFA-A5C1A2A02E4F}.LogixOPCCore|Any CPU.ActiveCfg = Release|Any CPU
		{39C37211-FF1B-4F0A-BDFA-A5C1A2A02E4F}.LogixOPCCore|Any CPU.Build.0 = Release|Any CPU
		{39C37211-FF1B-4F0A-BDFA-A5C1A2A02E4F}.Release|Any CPU.ActiveCfg = Release|Any CPU
		{39C37211-FF1B-4F0A-BDFA-A5C1A2A02E4F}.Release|Any CPU.Build.0 = Release|Any CPU
		{4F2FD9AE-7C4F-465A-9237-0FA6F8211051}.Debug|Any CPU.ActiveCfg = Debug|Any CPU
		{4F2FD9AE-7C4F-465A-9237-0FA6F8211051}.Debug|Any CPU.Build.0 = Debug|Any CPU
		{4F2FD9AE-7C4F-465A-9237-0FA6F8211051}.LogixOPCCore_Release|Any CPU.ActiveCfg = Release|Any CPU
		{4F2FD9AE-7C4F-465A-9237-0FA6F8211051}.LogixOPCCore_Release|Any CPU.Build.0 = Release|Any CPU
		{4F2FD9AE-7C4F-465A-9237-0FA6F8211051}.LogixOPCCore|Any CPU.ActiveCfg = Release|Any CPU
		{4F2FD9AE-7C4F-465A-9237-0FA6F8211051}.LogixOPCCore|Any CPU.Build.0 = Release|Any CPU
		{4F2FD9AE-7C4F-465A-9237-0FA6F8211051}.Release|Any CPU.ActiveCfg = Release|Any CPU
		{4F2FD9AE-7C4F-465A-9237-0FA6F8211051}.Release|Any CPU.Build.0 = Release|Any CPU
		{3DC08508-7C78-4E57-AAD8-4D566B270A78}.Debug|Any CPU.ActiveCfg = Debug|Any CPU
		{3DC08508-7C78-4E57-AAD8-4D566B270A78}.Debug|Any CPU.Build.0 = Debug|Any CPU
		{3DC08508-7C78-4E57-AAD8-4D566B270A78}.LogixOPCCore_Release|Any CPU.ActiveCfg = Release|Any CPU
		{3DC08508-7C78-4E57-AAD8-4D566B270A78}.LogixOPCCore_Release|Any CPU.Build.0 = Release|Any CPU
		{3DC08508-7C78-4E57-AAD8-4D566B270A78}.LogixOPCCore|Any CPU.ActiveCfg = Release|Any CPU
		{3DC08508-7C78-4E57-AAD8-4D566B270A78}.LogixOPCCore|Any CPU.Build.0 = Release|Any CPU
		{3DC08508-7C78-4E57-AAD8-4D566B270A78}.Release|Any CPU.ActiveCfg = Release|Any CPU
		{3DC08508-7C78-4E57-AAD8-4D566B270A78}.Release|Any CPU.Build.0 = Release|Any CPU
		{C24D140D-2865-4C71-866C-B8D11E0F80E6}.Debug|Any CPU.ActiveCfg = Debug|Any CPU
		{C24D140D-2865-4C71-866C-B8D11E0F80E6}.Debug|Any CPU.Build.0 = Debug|Any CPU
		{C24D140D-2865-4C71-866C-B8D11E0F80E6}.LogixOPCCore_Release|Any CPU.ActiveCfg = Release|Any CPU
		{C24D140D-2865-4C71-866C-B8D11E0F80E6}.LogixOPCCore_Release|Any CPU.Build.0 = Release|Any CPU
		{C24D140D-2865-4C71-866C-B8D11E0F80E6}.LogixOPCCore|Any CPU.ActiveCfg = Release|Any CPU
		{C24D140D-2865-4C71-866C-B8D11E0F80E6}.LogixOPCCore|Any CPU.Build.0 = Release|Any CPU
		{C24D140D-2865-4C71-866C-B8D11E0F80E6}.Release|Any CPU.ActiveCfg = Release|Any CPU
		{C24D140D-2865-4C71-866C-B8D11E0F80E6}.Release|Any CPU.Build.0 = Release|Any CPU
		{553F18CF-3C40-4D88-9283-BB368496E61B}.Debug|Any CPU.ActiveCfg = Debug|Any CPU
		{553F18CF-3C40-4D88-9283-BB368496E61B}.Debug|Any CPU.Build.0 = Debug|Any CPU
		{553F18CF-3C40-4D88-9283-BB368496E61B}.LogixOPCCore_Release|Any CPU.ActiveCfg = Release|Any CPU
		{553F18CF-3C40-4D88-9283-BB368496E61B}.LogixOPCCore_Release|Any CPU.Build.0 = Release|Any CPU
		{553F18CF-3C40-4D88-9283-BB368496E61B}.LogixOPCCore|Any CPU.ActiveCfg = Release|Any CPU
		{553F18CF-3C40-4D88-9283-BB368496E61B}.LogixOPCCore|Any CPU.Build.0 = Release|Any CPU
		{553F18CF-3C40-4D88-9283-BB368496E61B}.Release|Any CPU.ActiveCfg = Release|Any CPU
		{553F18CF-3C40-4D88-9283-BB368496E61B}.Release|Any CPU.Build.0 = Release|Any CPU
		{E4278D98-50F5-4E01-97DD-026A885844B6}.Debug|Any CPU.ActiveCfg = Debug|Any CPU
		{E4278D98-50F5-4E01-97DD-026A885844B6}.Debug|Any CPU.Build.0 = Debug|Any CPU
		{E4278D98-50F5-4E01-97DD-026A885844B6}.LogixOPCCore_Release|Any CPU.ActiveCfg = Release|Any CPU
		{E4278D98-50F5-4E01-97DD-026A885844B6}.LogixOPCCore_Release|Any CPU.Build.0 = Release|Any CPU
		{E4278D98-50F5-4E01-97DD-026A885844B6}.LogixOPCCore|Any CPU.ActiveCfg = Release|Any CPU
		{E4278D98-50F5-4E01-97DD-026A885844B6}.LogixOPCCore|Any CPU.Build.0 = Release|Any CPU
		{E4278D98-50F5-4E01-97DD-026A885844B6}.Release|Any CPU.ActiveCfg = Release|Any CPU
		{E4278D98-50F5-4E01-97DD-026A885844B6}.Release|Any CPU.Build.0 = Release|Any CPU
		{B2063593-D78F-417F-A421-F1AC1160CA46}.Debug|Any CPU.ActiveCfg = Debug|Any CPU
		{B2063593-D78F-417F-A421-F1AC1160CA46}.Debug|Any CPU.Build.0 = Debug|Any CPU
		{B2063593-D78F-417F-A421-F1AC1160CA46}.LogixOPCCore_Release|Any CPU.ActiveCfg = Release|Any CPU
		{B2063593-D78F-417F-A421-F1AC1160CA46}.LogixOPCCore_Release|Any CPU.Build.0 = Release|Any CPU
		{B2063593-D78F-417F-A421-F1AC1160CA46}.LogixOPCCore|Any CPU.ActiveCfg = Release|Any CPU
		{B2063593-D78F-417F-A421-F1AC1160CA46}.LogixOPCCore|Any CPU.Build.0 = Release|Any CPU
		{B2063593-D78F-417F-A421-F1AC1160CA46}.Release|Any CPU.ActiveCfg = Release|Any CPU
		{B2063593-D78F-417F-A421-F1AC1160CA46}.Release|Any CPU.Build.0 = Release|Any CPU
		{53BD1F5D-B2CC-444B-A6D1-2D20F34D1C1F}.Debug|Any CPU.ActiveCfg = Debug|Any CPU
		{53BD1F5D-B2CC-444B-A6D1-2D20F34D1C1F}.Debug|Any CPU.Build.0 = Debug|Any CPU
		{53BD1F5D-B2CC-444B-A6D1-2D20F34D1C1F}.LogixOPCCore_Release|Any CPU.ActiveCfg = Release|Any CPU
		{53BD1F5D-B2CC-444B-A6D1-2D20F34D1C1F}.LogixOPCCore_Release|Any CPU.Build.0 = Release|Any CPU
		{53BD1F5D-B2CC-444B-A6D1-2D20F34D1C1F}.LogixOPCCore|Any CPU.ActiveCfg = Release|Any CPU
		{53BD1F5D-B2CC-444B-A6D1-2D20F34D1C1F}.LogixOPCCore|Any CPU.Build.0 = Release|Any CPU
		{53BD1F5D-B2CC-444B-A6D1-2D20F34D1C1F}.Release|Any CPU.ActiveCfg = Release|Any CPU
		{53BD1F5D-B2CC-444B-A6D1-2D20F34D1C1F}.Release|Any CPU.Build.0 = Release|Any CPU
		{7233F9F5-41B8-4F10-90C7-8C7339ED596F}.Debug|Any CPU.ActiveCfg = Debug|Any CPU
		{7233F9F5-41B8-4F10-90C7-8C7339ED596F}.Debug|Any CPU.Build.0 = Debug|Any CPU
		{7233F9F5-41B8-4F10-90C7-8C7339ED596F}.LogixOPCCore_Release|Any CPU.ActiveCfg = Release|Any CPU
		{7233F9F5-41B8-4F10-90C7-8C7339ED596F}.LogixOPCCore_Release|Any CPU.Build.0 = Release|Any CPU
		{7233F9F5-41B8-4F10-90C7-8C7339ED596F}.LogixOPCCore|Any CPU.ActiveCfg = Release|Any CPU
		{7233F9F5-41B8-4F10-90C7-8C7339ED596F}.LogixOPCCore|Any CPU.Build.0 = Release|Any CPU
		{7233F9F5-41B8-4F10-90C7-8C7339ED596F}.Release|Any CPU.ActiveCfg = Release|Any CPU
		{7233F9F5-41B8-4F10-90C7-8C7339ED596F}.Release|Any CPU.Build.0 = Release|Any CPU
		{07FEF135-EF12-4C86-90D2-66A3C81731C7}.Debug|Any CPU.ActiveCfg = Debug|Any CPU
		{07FEF135-EF12-4C86-90D2-66A3C81731C7}.Debug|Any CPU.Build.0 = Debug|Any CPU
		{07FEF135-EF12-4C86-90D2-66A3C81731C7}.LogixOPCCore_Release|Any CPU.ActiveCfg = Release|Any CPU
		{07FEF135-EF12-4C86-90D2-66A3C81731C7}.LogixOPCCore_Release|Any CPU.Build.0 = Release|Any CPU
		{07FEF135-EF12-4C86-90D2-66A3C81731C7}.LogixOPCCore|Any CPU.ActiveCfg = Release|Any CPU
		{07FEF135-EF12-4C86-90D2-66A3C81731C7}.LogixOPCCore|Any CPU.Build.0 = Release|Any CPU
		{07FEF135-EF12-4C86-90D2-66A3C81731C7}.Release|Any CPU.ActiveCfg = Release|Any CPU
		{07FEF135-EF12-4C86-90D2-66A3C81731C7}.Release|Any CPU.Build.0 = Release|Any CPU
	EndGlobalSection
	GlobalSection(SolutionProperties) = preSolution
		HideSolutionNode = FALSE
	EndGlobalSection
EndGlobal
