
Microsoft Visual Studio Solution File, Format Version 10.00
# Visual Studio 2008
Project("{F184B08F-C81C-45F6-A57F-5ABD9991F28F}") = "NETLOGIX.VB.Console", "NETLOGIX.VB.Console\NETLOGIX.VB.Console.vbproj", "{7615500C-7A19-43B5-A491-43AB8CD4DF6A}"
EndProject
Project("{F184B08F-C81C-45F6-A57F-5ABD9991F28F}") = "NETLOGIX.VB.CPUState", "NETLOGIX.VB.CPUState\NETLOGIX.VB.CPUState.vbproj", "{4AD74564-7033-4C91-AF5E-36C4264409B5}"
EndProject
Project("{F184B08F-C81C-45F6-A57F-5ABD9991F28F}") = "NETLOGIX.VB.DataChange", "NETLOGIX.VB.DataChange\NETLOGIX.VB.DataChange.vbproj", "{856B6C1A-2878-4C0C-A900-DC5FC8D22D6B}"
EndProject
Project("{F184B08F-C81C-45F6-A57F-5ABD9991F28F}") = "NETLOGIX.VB.FormControls", "NETLOGIX.VB.FormControls\NETLOGIX.VB.FormControls.vbproj", "{6E369FE4-B5BD-4AD4-AFD8-2E7FF3A2FD01}"
EndProject
Project("{F184B08F-C81C-45F6-A57F-5ABD9991F28F}") = "NETLOGIX.VB.GroupRead", "NETLOGIX.VB.GroupRead\NETLOGIX.VB.GroupRead.vbproj", "{F62F19BE-7455-4576-B4A4-DAA8799ADF36}"
EndProject
Project("{F184B08F-C81C-45F6-A57F-5ABD9991F28F}") = "NETLOGIX.VB.ReadArray", "NETLOGIX.VB.ReadArray\NETLOGIX.VB.ReadArray.vbproj", "{48635E49-EF51-412C-A90C-2F64883B2C66}"
EndProject
Project("{F184B08F-C81C-45F6-A57F-5ABD9991F28F}") = "NETLOGIX.VB.Scaling", "NETLOGIX.VB.Scaling\NETLOGIX.VB.Scaling.vbproj", "{CA7C25FB-AA40-46CC-8AA3-646380F76C2C}"
EndProject
Project("{F184B08F-C81C-45F6-A57F-5ABD9991F28F}") = "NETLOGIX.VB.Simple", "NETLOGIX.VB.Simple\NETLOGIX.VB.Simple.vbproj", "{1A10EC6F-0CB5-4C49-BA66-3244D8F90FAF}"
EndProject
Project("{F184B08F-C81C-45F6-A57F-5ABD9991F28F}") = "NETLOGIX.vb.UDTWrite", "NETLOGIX.vb.UDTWrite\NETLOGIX.vb.UDTWrite.vbproj", "{011FC657-B1CE-48A7-860D-B36A3B91AB0A}"
EndProject
Project("{F184B08F-C81C-45F6-A57F-5ABD9991F28F}") = "NETLOGIX.vb.UnsolicitedMessage", "NETLOGIX.vb.UnsolicitedMessage\NETLOGIX.vb.UnsolicitedMessage.vbproj", "{4B27FF64-F4F7-4D38-BE54-DC3FBDFA06D0}"
EndProject
Project("{F184B08F-C81C-45F6-A57F-5ABD9991F28F}") = "NETLOGIX.vb.UserDefinedType", "NETLOGIX.vb.UserDefinedType\NETLOGIX.vb.UserDefinedType.vbproj", "{543B244F-224D-4C02-BB71-8145BFDEE343}"
EndProject
Project("{F184B08F-C81C-45F6-A57F-5ABD9991F28F}") = "NETLOGIX.VBButtons", "NETLOGIX.VB.Buttons\NETLOGIX.VBButtons.vbproj", "{4DBCBD3D-8CC8-44B5-8F99-BFE9A3A9245B}"
EndProject
Project("{F184B08F-C81C-45F6-A57F-5ABD9991F28F}") = "NETLOGIX.VB.Browser", "NETLOGIX.VB.Browser\NETLOGIX.VB.Browser.vbproj", "{E33409E3-D31B-454A-9654-CA941D81093D}"
EndProject
Global
	GlobalSection(SolutionConfigurationPlatforms) = preSolution
		Debug|Any CPU = Debug|Any CPU
		Release|Any CPU = Release|Any CPU
	EndGlobalSection
	GlobalSection(ProjectConfigurationPlatforms) = postSolution
		{7615500C-7A19-43B5-A491-43AB8CD4DF6A}.Debug|Any CPU.ActiveCfg = Debug|Any CPU
		{7615500C-7A19-43B5-A491-43AB8CD4DF6A}.Debug|Any CPU.Build.0 = Debug|Any CPU
		{7615500C-7A19-43B5-A491-43AB8CD4DF6A}.Release|Any CPU.ActiveCfg = Release|Any CPU
		{7615500C-7A19-43B5-A491-43AB8CD4DF6A}.Release|Any CPU.Build.0 = Release|Any CPU
		{4AD74564-7033-4C91-AF5E-36C4264409B5}.Debug|Any CPU.ActiveCfg = Debug|Any CPU
		{4AD74564-7033-4C91-AF5E-36C4264409B5}.Debug|Any CPU.Build.0 = Debug|Any CPU
		{4AD74564-7033-4C91-AF5E-36C4264409B5}.Release|Any CPU.ActiveCfg = Release|Any CPU
		{4AD74564-7033-4C91-AF5E-36C4264409B5}.Release|Any CPU.Build.0 = Release|Any CPU
		{856B6C1A-2878-4C0C-A900-DC5FC8D22D6B}.Debug|Any CPU.ActiveCfg = Debug|Any CPU
		{856B6C1A-2878-4C0C-A900-DC5FC8D22D6B}.Debug|Any CPU.Build.0 = Debug|Any CPU
		{856B6C1A-2878-4C0C-A900-DC5FC8D22D6B}.Release|Any CPU.ActiveCfg = Release|Any CPU
		{856B6C1A-2878-4C0C-A900-DC5FC8D22D6B}.Release|Any CPU.Build.0 = Release|Any CPU
		{6E369FE4-B5BD-4AD4-AFD8-2E7FF3A2FD01}.Debug|Any CPU.ActiveCfg = Debug|Any CPU
		{6E369FE4-B5BD-4AD4-AFD8-2E7FF3A2FD01}.Debug|Any CPU.Build.0 = Debug|Any CPU
		{6E369FE4-B5BD-4AD4-AFD8-2E7FF3A2FD01}.Release|Any CPU.ActiveCfg = Release|Any CPU
		{6E369FE4-B5BD-4AD4-AFD8-2E7FF3A2FD01}.Release|Any CPU.Build.0 = Release|Any CPU
		{F62F19BE-7455-4576-B4A4-DAA8799ADF36}.Debug|Any CPU.ActiveCfg = Debug|Any CPU
		{F62F19BE-7455-4576-B4A4-DAA8799ADF36}.Debug|Any CPU.Build.0 = Debug|Any CPU
		{F62F19BE-7455-4576-B4A4-DAA8799ADF36}.Release|Any CPU.ActiveCfg = Release|Any CPU
		{F62F19BE-7455-4576-B4A4-DAA8799ADF36}.Release|Any CPU.Build.0 = Release|Any CPU
		{48635E49-EF51-412C-A90C-2F64883B2C66}.Debug|Any CPU.ActiveCfg = Debug|Any CPU
		{48635E49-EF51-412C-A90C-2F64883B2C66}.Debug|Any CPU.Build.0 = Debug|Any CPU
		{48635E49-EF51-412C-A90C-2F64883B2C66}.Release|Any CPU.ActiveCfg = Release|Any CPU
		{48635E49-EF51-412C-A90C-2F64883B2C66}.Release|Any CPU.Build.0 = Release|Any CPU
		{CA7C25FB-AA40-46CC-8AA3-646380F76C2C}.Debug|Any CPU.ActiveCfg = Debug|Any CPU
		{CA7C25FB-AA40-46CC-8AA3-646380F76C2C}.Debug|Any CPU.Build.0 = Debug|Any CPU
		{CA7C25FB-AA40-46CC-8AA3-646380F76C2C}.Release|Any CPU.ActiveCfg = Release|Any CPU
		{CA7C25FB-AA40-46CC-8AA3-646380F76C2C}.Release|Any CPU.Build.0 = Release|Any CPU
		{1A10EC6F-0CB5-4C49-BA66-3244D8F90FAF}.Debug|Any CPU.ActiveCfg = Debug|Any CPU
		{1A10EC6F-0CB5-4C49-BA66-3244D8F90FAF}.Debug|Any CPU.Build.0 = Debug|Any CPU
		{1A10EC6F-0CB5-4C49-BA66-3244D8F90FAF}.Release|Any CPU.ActiveCfg = Release|Any CPU
		{1A10EC6F-0CB5-4C49-BA66-3244D8F90FAF}.Release|Any CPU.Build.0 = Release|Any CPU
		{011FC657-B1CE-48A7-860D-B36A3B91AB0A}.Debug|Any CPU.ActiveCfg = Debug|Any CPU
		{011FC657-B1CE-48A7-860D-B36A3B91AB0A}.Debug|Any CPU.Build.0 = Debug|Any CPU
		{011FC657-B1CE-48A7-860D-B36A3B91AB0A}.Release|Any CPU.ActiveCfg = Release|Any CPU
		{011FC657-B1CE-48A7-860D-B36A3B91AB0A}.Release|Any CPU.Build.0 = Release|Any CPU
		{4B27FF64-F4F7-4D38-BE54-DC3FBDFA06D0}.Debug|Any CPU.ActiveCfg = Debug|Any CPU
		{4B27FF64-F4F7-4D38-BE54-DC3FBDFA06D0}.Debug|Any CPU.Build.0 = Debug|Any CPU
		{4B27FF64-F4F7-4D38-BE54-DC3FBDFA06D0}.Release|Any CPU.ActiveCfg = Release|Any CPU
		{4B27FF64-F4F7-4D38-BE54-DC3FBDFA06D0}.Release|Any CPU.Build.0 = Release|Any CPU
		{543B244F-224D-4C02-BB71-8145BFDEE343}.Debug|Any CPU.ActiveCfg = Debug|Any CPU
		{543B244F-224D-4C02-BB71-8145BFDEE343}.Debug|Any CPU.Build.0 = Debug|Any CPU
		{543B244F-224D-4C02-BB71-8145BFDEE343}.Release|Any CPU.ActiveCfg = Release|Any CPU
		{543B244F-224D-4C02-BB71-8145BFDEE343}.Release|Any CPU.Build.0 = Release|Any CPU
		{4DBCBD3D-8CC8-44B5-8F99-BFE9A3A9245B}.Debug|Any CPU.ActiveCfg = Debug|Any CPU
		{4DBCBD3D-8CC8-44B5-8F99-BFE9A3A9245B}.Debug|Any CPU.Build.0 = Debug|Any CPU
		{4DBCBD3D-8CC8-44B5-8F99-BFE9A3A9245B}.Release|Any CPU.ActiveCfg = Release|Any CPU
		{4DBCBD3D-8CC8-44B5-8F99-BFE9A3A9245B}.Release|Any CPU.Build.0 = Release|Any CPU
		{E33409E3-D31B-454A-9654-CA941D81093D}.Debug|Any CPU.ActiveCfg = Debug|Any CPU
		{E33409E3-D31B-454A-9654-CA941D81093D}.Debug|Any CPU.Build.0 = Debug|Any CPU
		{E33409E3-D31B-454A-9654-CA941D81093D}.Release|Any CPU.ActiveCfg = Release|Any CPU
		{E33409E3-D31B-454A-9654-CA941D81093D}.Release|Any CPU.Build.0 = Release|Any CPU
	EndGlobalSection
	GlobalSection(SolutionProperties) = preSolution
		HideSolutionNode = FALSE
	EndGlobalSection
EndGlobal
